
Microsoft Visual Studio Solution File, Format Version 12.00
# Visual Studio Version 17
VisualStudioVersion = 17.9.34607.119
MinimumVisualStudioVersion = 10.0.40219.1
Project("{FAE04EC0-301F-11D3-BF4B-00C04F79EFBC}") = "DermaBlog", "DermaBlog\DermaBlog.csproj", "{8C745A34-4CF3-4AF9-9350-08121E3F80F1}"
EndProject
Global
	GlobalSection(SolutionConfigurationPlatforms) = preSolution
		Debug|Any CPU = Debug|Any CPU
		Release|Any CPU = Release|Any CPU
	EndGlobalSection
	GlobalSection(ProjectConfigurationPlatforms) = postSolution
		{8C745A34-4CF3-4AF9-9350-08121E3F80F1}.Debug|Any CPU.ActiveCfg = Debug|Any CPU
		{8C745A34-4CF3-4AF9-9350-08121E3F80F1}.Debug|Any CPU.Build.0 = Debug|Any CPU
		{8C745A34-4CF3-4AF9-9350-08121E3F80F1}.Release|Any CPU.ActiveCfg = Release|Any CPU
		{8C745A34-4CF3-4AF9-9350-08121E3F80F1}.Release|Any CPU.Build.0 = Release|Any CPU
	EndGlobalSection
	GlobalSection(SolutionProperties) = preSolution
		HideSolutionNode = FALSE
	EndGlobalSection
	GlobalSection(ExtensibilityGlobals) = postSolution
		SolutionGuid = {FFA254C8-BDA0-4DE1-BFD4-557C562E5F0D}
	EndGlobalSection
EndGlobal
